
Microsoft Visual Studio Solution File, Format Version 12.00
# Visual Studio 15
VisualStudioVersion = 15.0.27130.2027
MinimumVisualStudioVersion = 10.0.40219.1
Project("{FAE04EC0-301F-11D3-BF4B-00C04F79EFBC}") = "Xamarin.App.Android", "Xamarin.App\Xamarin.App.Android\Xamarin.App.Android.csproj", "{D17F07DD-065C-4935-813B-41A48F2C3E97}"
EndProject
Project("{FAE04EC0-301F-11D3-BF4B-00C04F79EFBC}") = "Xamarin.App.iOS", "Xamarin.App\Xamarin.App.iOS\Xamarin.App.iOS.csproj", "{BCCE77B7-C918-46BA-A8B8-C5F81F812E65}"
EndProject
Project("{FAE04EC0-301F-11D3-BF4B-00C04F79EFBC}") = "Xamarin.App.UWP", "Xamarin.App\Xamarin.App.UWP\Xamarin.App.UWP.csproj", "{4CDCBDDF-044C-43DF-AEA4-ADC6CDA4CBAD}"
EndProject
Project("{FAE04EC0-301F-11D3-BF4B-00C04F79EFBC}") = "Xamarin.App", "Xamarin.App\Xamarin.App\Xamarin.App.csproj", "{C9F716E9-FFD9-4D3A-912C-64FA983FA265}"
EndProject
Global
	GlobalSection(SolutionConfigurationPlatforms) = preSolution
		Ad-Hoc|Any CPU = Ad-Hoc|Any CPU
		Ad-Hoc|ARM = Ad-Hoc|ARM
		Ad-Hoc|iPhone = Ad-Hoc|iPhone
		Ad-Hoc|iPhoneSimulator = Ad-Hoc|iPhoneSimulator
		Ad-Hoc|x64 = Ad-Hoc|x64
		Ad-Hoc|x86 = Ad-Hoc|x86
		AppStore|Any CPU = AppStore|Any CPU
		AppStore|ARM = AppStore|ARM
		AppStore|iPhone = AppStore|iPhone
		AppStore|iPhoneSimulator = AppStore|iPhoneSimulator
		AppStore|x64 = AppStore|x64
		AppStore|x86 = AppStore|x86
		Debug|Any CPU = Debug|Any CPU
		Debug|ARM = Debug|ARM
		Debug|iPhone = Debug|iPhone
		Debug|iPhoneSimulator = Debug|iPhoneSimulator
		Debug|x64 = Debug|x64
		Debug|x86 = Debug|x86
		Release|Any CPU = Release|Any CPU
		Release|ARM = Release|ARM
		Release|iPhone = Release|iPhone
		Release|iPhoneSimulator = Release|iPhoneSimulator
		Release|x64 = Release|x64
		Release|x86 = Release|x86
	EndGlobalSection
	GlobalSection(ProjectConfigurationPlatforms) = postSolution
		{D17F07DD-065C-4935-813B-41A48F2C3E97}.Ad-Hoc|Any CPU.ActiveCfg = Release|Any CPU
		{D17F07DD-065C-4935-813B-41A48F2C3E97}.Ad-Hoc|Any CPU.Build.0 = Release|Any CPU
		{D17F07DD-065C-4935-813B-41A48F2C3E97}.Ad-Hoc|Any CPU.Deploy.0 = Release|Any CPU
		{D17F07DD-065C-4935-813B-41A48F2C3E97}.Ad-Hoc|ARM.ActiveCfg = Release|Any CPU
		{D17F07DD-065C-4935-813B-41A48F2C3E97}.Ad-Hoc|ARM.Build.0 = Release|Any CPU
		{D17F07DD-065C-4935-813B-41A48F2C3E97}.Ad-Hoc|ARM.Deploy.0 = Release|Any CPU
		{D17F07DD-065C-4935-813B-41A48F2C3E97}.Ad-Hoc|iPhone.ActiveCfg = Release|Any CPU
		{D17F07DD-065C-4935-813B-41A48F2C3E97}.Ad-Hoc|iPhone.Build.0 = Release|Any CPU
		{D17F07DD-065C-4935-813B-41A48F2C3E97}.Ad-Hoc|iPhone.Deploy.0 = Release|Any CPU
		{D17F07DD-065C-4935-813B-41A48F2C3E97}.Ad-Hoc|iPhoneSimulator.ActiveCfg = Release|Any CPU
		{D17F07DD-065C-4935-813B-41A48F2C3E97}.Ad-Hoc|iPhoneSimulator.Build.0 = Release|Any CPU
		{D17F07DD-065C-4935-813B-41A48F2C3E97}.Ad-Hoc|iPhoneSimulator.Deploy.0 = Release|Any CPU
		{D17F07DD-065C-4935-813B-41A48F2C3E97}.Ad-Hoc|x64.ActiveCfg = Release|Any CPU
		{D17F07DD-065C-4935-813B-41A48F2C3E97}.Ad-Hoc|x64.Build.0 = Release|Any CPU
		{D17F07DD-065C-4935-813B-41A48F2C3E97}.Ad-Hoc|x64.Deploy.0 = Release|Any CPU
		{D17F07DD-065C-4935-813B-41A48F2C3E97}.Ad-Hoc|x86.ActiveCfg = Release|Any CPU
		{D17F07DD-065C-4935-813B-41A48F2C3E97}.Ad-Hoc|x86.Build.0 = Release|Any CPU
		{D17F07DD-065C-4935-813B-41A48F2C3E97}.Ad-Hoc|x86.Deploy.0 = Release|Any CPU
		{D17F07DD-065C-4935-813B-41A48F2C3E97}.AppStore|Any CPU.ActiveCfg = Release|Any CPU
		{D17F07DD-065C-4935-813B-41A48F2C3E97}.AppStore|Any CPU.Build.0 = Release|Any CPU
		{D17F07DD-065C-4935-813B-41A48F2C3E97}.AppStore|Any CPU.Deploy.0 = Release|Any CPU
		{D17F07DD-065C-4935-813B-41A48F2C3E97}.AppStore|ARM.ActiveCfg = Release|Any CPU
		{D17F07DD-065C-4935-813B-41A48F2C3E97}.AppStore|ARM.Build.0 = Release|Any CPU
		{D17F07DD-065C-4935-813B-41A48F2C3E97}.AppStore|ARM.Deploy.0 = Release|Any CPU
		{D17F07DD-065C-4935-813B-41A48F2C3E97}.AppStore|iPhone.ActiveCfg = Release|Any CPU
		{D17F07DD-065C-4935-813B-41A48F2C3E97}.AppStore|iPhone.Build.0 = Release|Any CPU
		{D17F07DD-065C-4935-813B-41A48F2C3E97}.AppStore|iPhone.Deploy.0 = Release|Any CPU
		{D17F07DD-065C-4935-813B-41A48F2C3E97}.AppStore|iPhoneSimulator.ActiveCfg = Release|Any CPU
		{D17F07DD-065C-4935-813B-41A48F2C3E97}.AppStore|iPhoneSimulator.Build.0 = Release|Any CPU
		{D17F07DD-065C-4935-813B-41A48F2C3E97}.AppStore|iPhoneSimulator.Deploy.0 = Release|Any CPU
		{D17F07DD-065C-4935-813B-41A48F2C3E97}.AppStore|x64.ActiveCfg = Release|Any CPU
		{D17F07DD-065C-4935-813B-41A48F2C3E97}.AppStore|x64.Build.0 = Release|Any CPU
		{D17F07DD-065C-4935-813B-41A48F2C3E97}.AppStore|x64.Deploy.0 = Release|Any CPU
		{D17F07DD-065C-4935-813B-41A48F2C3E97}.AppStore|x86.ActiveCfg = Release|Any CPU
		{D17F07DD-065C-4935-813B-41A48F2C3E97}.AppStore|x86.Build.0 = Release|Any CPU
		{D17F07DD-065C-4935-813B-41A48F2C3E97}.AppStore|x86.Deploy.0 = Release|Any CPU
		{D17F07DD-065C-4935-813B-41A48F2C3E97}.Debug|Any CPU.ActiveCfg = Debug|Any CPU
		{D17F07DD-065C-4935-813B-41A48F2C3E97}.Debug|Any CPU.Build.0 = Debug|Any CPU
		{D17F07DD-065C-4935-813B-41A48F2C3E97}.Debug|Any CPU.Deploy.0 = Debug|Any CPU
		{D17F07DD-065C-4935-813B-41A48F2C3E97}.Debug|ARM.ActiveCfg = Debug|Any CPU
		{D17F07DD-065C-4935-813B-41A48F2C3E97}.Debug|ARM.Build.0 = Debug|Any CPU
		{D17F07DD-065C-4935-813B-41A48F2C3E97}.Debug|ARM.Deploy.0 = Debug|Any CPU
		{D17F07DD-065C-4935-813B-41A48F2C3E97}.Debug|iPhone.ActiveCfg = Debug|Any CPU
		{D17F07DD-065C-4935-813B-41A48F2C3E97}.Debug|iPhone.Build.0 = Debug|Any CPU
		{D17F07DD-065C-4935-813B-41A48F2C3E97}.Debug|iPhone.Deploy.0 = Debug|Any CPU
		{D17F07DD-065C-4935-813B-41A48F2C3E97}.Debug|iPhoneSimulator.ActiveCfg = Debug|Any CPU
		{D17F07DD-065C-4935-813B-41A48F2C3E97}.Debug|iPhoneSimulator.Build.0 = Debug|Any CPU
		{D17F07DD-065C-4935-813B-41A48F2C3E97}.Debug|iPhoneSimulator.Deploy.0 = Debug|Any CPU
		{D17F07DD-065C-4935-813B-41A48F2C3E97}.Debug|x64.ActiveCfg = Debug|Any CPU
		{D17F07DD-065C-4935-813B-41A48F2C3E97}.Debug|x64.Build.0 = Debug|Any CPU
		{D17F07DD-065C-4935-813B-41A48F2C3E97}.Debug|x64.Deploy.0 = Debug|Any CPU
		{D17F07DD-065C-4935-813B-41A48F2C3E97}.Debug|x86.ActiveCfg = Debug|Any CPU
		{D17F07DD-065C-4935-813B-41A48F2C3E97}.Debug|x86.Build.0 = Debug|Any CPU
		{D17F07DD-065C-4935-813B-41A48F2C3E97}.Debug|x86.Deploy.0 = Debug|Any CPU
		{D17F07DD-065C-4935-813B-41A48F2C3E97}.Release|Any CPU.ActiveCfg = Release|Any CPU
		{D17F07DD-065C-4935-813B-41A48F2C3E97}.Release|Any CPU.Build.0 = Release|Any CPU
		{D17F07DD-065C-4935-813B-41A48F2C3E97}.Release|Any CPU.Deploy.0 = Release|Any CPU
		{D17F07DD-065C-4935-813B-41A48F2C3E97}.Release|ARM.ActiveCfg = Release|Any CPU
		{D17F07DD-065C-4935-813B-41A48F2C3E97}.Release|ARM.Build.0 = Release|Any CPU
		{D17F07DD-065C-4935-813B-41A48F2C3E97}.Release|ARM.Deploy.0 = Release|Any CPU
		{D17F07DD-065C-4935-813B-41A48F2C3E97}.Release|iPhone.ActiveCfg = Release|Any CPU
		{D17F07DD-065C-4935-813B-41A48F2C3E97}.Release|iPhone.Build.0 = Release|Any CPU
		{D17F07DD-065C-4935-813B-41A48F2C3E97}.Release|iPhone.Deploy.0 = Release|Any CPU
		{D17F07DD-065C-4935-813B-41A48F2C3E97}.Release|iPhoneSimulator.ActiveCfg = Release|Any CPU
		{D17F07DD-065C-4935-813B-41A48F2C3E97}.Release|iPhoneSimulator.Build.0 = Release|Any CPU
		{D17F07DD-065C-4935-813B-41A48F2C3E97}.Release|iPhoneSimulator.Deploy.0 = Release|Any CPU
		{D17F07DD-065C-4935-813B-41A48F2C3E97}.Release|x64.ActiveCfg = Release|Any CPU
		{D17F07DD-065C-4935-813B-41A48F2C3E97}.Release|x64.Build.0 = Release|Any CPU
		{D17F07DD-065C-4935-813B-41A48F2C3E97}.Release|x64.Deploy.0 = Release|Any CPU
		{D17F07DD-065C-4935-813B-41A48F2C3E97}.Release|x86.ActiveCfg = Release|Any CPU
		{D17F07DD-065C-4935-813B-41A48F2C3E97}.Release|x86.Build.0 = Release|Any CPU
		{D17F07DD-065C-4935-813B-41A48F2C3E97}.Release|x86.Deploy.0 = Release|Any CPU
		{BCCE77B7-C918-46BA-A8B8-C5F81F812E65}.Ad-Hoc|Any CPU.ActiveCfg = Ad-Hoc|iPhone
		{BCCE77B7-C918-46BA-A8B8-C5F81F812E65}.Ad-Hoc|ARM.ActiveCfg = Ad-Hoc|iPhone
		{BCCE77B7-C918-46BA-A8B8-C5F81F812E65}.Ad-Hoc|iPhone.ActiveCfg = Ad-Hoc|iPhone
		{BCCE77B7-C918-46BA-A8B8-C5F81F812E65}.Ad-Hoc|iPhone.Build.0 = Ad-Hoc|iPhone
		{BCCE77B7-C918-46BA-A8B8-C5F81F812E65}.Ad-Hoc|iPhoneSimulator.ActiveCfg = Ad-Hoc|iPhoneSimulator
		{BCCE77B7-C918-46BA-A8B8-C5F81F812E65}.Ad-Hoc|iPhoneSimulator.Build.0 = Ad-Hoc|iPhoneSimulator
		{BCCE77B7-C918-46BA-A8B8-C5F81F812E65}.Ad-Hoc|x64.ActiveCfg = Ad-Hoc|iPhone
		{BCCE77B7-C918-46BA-A8B8-C5F81F812E65}.Ad-Hoc|x86.ActiveCfg = Ad-Hoc|iPhone
		{BCCE77B7-C918-46BA-A8B8-C5F81F812E65}.AppStore|Any CPU.ActiveCfg = AppStore|iPhone
		{BCCE77B7-C918-46BA-A8B8-C5F81F812E65}.AppStore|ARM.ActiveCfg = AppStore|iPhone
		{BCCE77B7-C918-46BA-A8B8-C5F81F812E65}.AppStore|iPhone.ActiveCfg = AppStore|iPhone
		{BCCE77B7-C918-46BA-A8B8-C5F81F812E65}.AppStore|iPhone.Build.0 = AppStore|iPhone
		{BCCE77B7-C918-46BA-A8B8-C5F81F812E65}.AppStore|iPhoneSimulator.ActiveCfg = AppStore|iPhoneSimulator
		{BCCE77B7-C918-46BA-A8B8-C5F81F812E65}.AppStore|iPhoneSimulator.Build.0 = AppStore|iPhoneSimulator
		{BCCE77B7-C918-46BA-A8B8-C5F81F812E65}.AppStore|x64.ActiveCfg = AppStore|iPhone
		{BCCE77B7-C918-46BA-A8B8-C5F81F812E65}.AppStore|x86.ActiveCfg = AppStore|iPhone
		{BCCE77B7-C918-46BA-A8B8-C5F81F812E65}.Debug|Any CPU.ActiveCfg = Debug|iPhone
		{BCCE77B7-C918-46BA-A8B8-C5F81F812E65}.Debug|ARM.ActiveCfg = Debug|iPhone
		{BCCE77B7-C918-46BA-A8B8-C5F81F812E65}.Debug|iPhone.ActiveCfg = Debug|iPhone
		{BCCE77B7-C918-46BA-A8B8-C5F81F812E65}.Debug|iPhone.Build.0 = Debug|iPhone
		{BCCE77B7-C918-46BA-A8B8-C5F81F812E65}.Debug|iPhoneSimulator.ActiveCfg = Debug|iPhoneSimulator
		{BCCE77B7-C918-46BA-A8B8-C5F81F812E65}.Debug|iPhoneSimulator.Build.0 = Debug|iPhoneSimulator
		{BCCE77B7-C918-46BA-A8B8-C5F81F812E65}.Debug|x64.ActiveCfg = Debug|iPhone
		{BCCE77B7-C918-46BA-A8B8-C5F81F812E65}.Debug|x86.ActiveCfg = Debug|iPhone
		{BCCE77B7-C918-46BA-A8B8-C5F81F812E65}.Release|Any CPU.ActiveCfg = Release|iPhone
		{BCCE77B7-C918-46BA-A8B8-C5F81F812E65}.Release|ARM.ActiveCfg = Release|iPhone
		{BCCE77B7-C918-46BA-A8B8-C5F81F812E65}.Release|iPhone.ActiveCfg = Release|iPhone
		{BCCE77B7-C918-46BA-A8B8-C5F81F812E65}.Release|iPhone.Build.0 = Release|iPhone
		{BCCE77B7-C918-46BA-A8B8-C5F81F812E65}.Release|iPhoneSimulator.ActiveCfg = Release|iPhoneSimulator
		{BCCE77B7-C918-46BA-A8B8-C5F81F812E65}.Release|iPhoneSimulator.Build.0 = Release|iPhoneSimulator
		{BCCE77B7-C918-46BA-A8B8-C5F81F812E65}.Release|x64.ActiveCfg = Release|iPhone
		{BCCE77B7-C918-46BA-A8B8-C5F81F812E65}.Release|x86.ActiveCfg = Release|iPhone
		{4CDCBDDF-044C-43DF-AEA4-ADC6CDA4CBAD}.Ad-Hoc|Any CPU.ActiveCfg = Release|x86
		{4CDCBDDF-044C-43DF-AEA4-ADC6CDA4CBAD}.Ad-Hoc|Any CPU.Build.0 = Release|x86
		{4CDCBDDF-044C-43DF-AEA4-ADC6CDA4CBAD}.Ad-Hoc|Any CPU.Deploy.0 = Release|x86
		{4CDCBDDF-044C-43DF-AEA4-ADC6CDA4CBAD}.Ad-Hoc|ARM.ActiveCfg = Release|ARM
		{4CDCBDDF-044C-43DF-AEA4-ADC6CDA4CBAD}.Ad-Hoc|ARM.Build.0 = Release|ARM
		{4CDCBDDF-044C-43DF-AEA4-ADC6CDA4CBAD}.Ad-Hoc|ARM.Deploy.0 = Release|ARM
		{4CDCBDDF-044C-43DF-AEA4-ADC6CDA4CBAD}.Ad-Hoc|iPhone.ActiveCfg = Release|x86
		{4CDCBDDF-044C-43DF-AEA4-ADC6CDA4CBAD}.Ad-Hoc|iPhone.Build.0 = Release|x86
		{4CDCBDDF-044C-43DF-AEA4-ADC6CDA4CBAD}.Ad-Hoc|iPhone.Deploy.0 = Release|x86
		{4CDCBDDF-044C-43DF-AEA4-ADC6CDA4CBAD}.Ad-Hoc|iPhoneSimulator.ActiveCfg = Release|x86
		{4CDCBDDF-044C-43DF-AEA4-ADC6CDA4CBAD}.Ad-Hoc|iPhoneSimulator.Build.0 = Release|x86
		{4CDCBDDF-044C-43DF-AEA4-ADC6CDA4CBAD}.Ad-Hoc|iPhoneSimulator.Deploy.0 = Release|x86
		{4CDCBDDF-044C-43DF-AEA4-ADC6CDA4CBAD}.Ad-Hoc|x64.ActiveCfg = Release|x64
		{4CDCBDDF-044C-43DF-AEA4-ADC6CDA4CBAD}.Ad-Hoc|x64.Build.0 = Release|x64
		{4CDCBDDF-044C-43DF-AEA4-ADC6CDA4CBAD}.Ad-Hoc|x64.Deploy.0 = Release|x64
		{4CDCBDDF-044C-43DF-AEA4-ADC6CDA4CBAD}.Ad-Hoc|x86.ActiveCfg = Release|x86
		{4CDCBDDF-044C-43DF-AEA4-ADC6CDA4CBAD}.Ad-Hoc|x86.Build.0 = Release|x86
		{4CDCBDDF-044C-43DF-AEA4-ADC6CDA4CBAD}.Ad-Hoc|x86.Deploy.0 = Release|x86
		{4CDCBDDF-044C-43DF-AEA4-ADC6CDA4CBAD}.AppStore|Any CPU.ActiveCfg = Release|x86
		{4CDCBDDF-044C-43DF-AEA4-ADC6CDA4CBAD}.AppStore|Any CPU.Build.0 = Release|x86
		{4CDCBDDF-044C-43DF-AEA4-ADC6CDA4CBAD}.AppStore|Any CPU.Deploy.0 = Release|x86
		{4CDCBDDF-044C-43DF-AEA4-ADC6CDA4CBAD}.AppStore|ARM.ActiveCfg = Release|ARM
		{4CDCBDDF-044C-43DF-AEA4-ADC6CDA4CBAD}.AppStore|ARM.Build.0 = Release|ARM
		{4CDCBDDF-044C-43DF-AEA4-ADC6CDA4CBAD}.AppStore|ARM.Deploy.0 = Release|ARM
		{4CDCBDDF-044C-43DF-AEA4-ADC6CDA4CBAD}.AppStore|iPhone.ActiveCfg = Release|x86
		{4CDCBDDF-044C-43DF-AEA4-ADC6CDA4CBAD}.AppStore|iPhone.Build.0 = Release|x86
		{4CDCBDDF-044C-43DF-AEA4-ADC6CDA4CBAD}.AppStore|iPhone.Deploy.0 = Release|x86
		{4CDCBDDF-044C-43DF-AEA4-ADC6CDA4CBAD}.AppStore|iPhoneSimulator.ActiveCfg = Release|x86
		{4CDCBDDF-044C-43DF-AEA4-ADC6CDA4CBAD}.AppStore|iPhoneSimulator.Build.0 = Release|x86
		{4CDCBDDF-044C-43DF-AEA4-ADC6CDA4CBAD}.AppStore|iPhoneSimulator.Deploy.0 = Release|x86
		{4CDCBDDF-044C-43DF-AEA4-ADC6CDA4CBAD}.AppStore|x64.ActiveCfg = Release|x64
		{4CDCBDDF-044C-43DF-AEA4-ADC6CDA4CBAD}.AppStore|x64.Build.0 = Release|x64
		{4CDCBDDF-044C-43DF-AEA4-ADC6CDA4CBAD}.AppStore|x64.Deploy.0 = Release|x64
		{4CDCBDDF-044C-43DF-AEA4-ADC6CDA4CBAD}.AppStore|x86.ActiveCfg = Release|x86
		{4CDCBDDF-044C-43DF-AEA4-ADC6CDA4CBAD}.AppStore|x86.Build.0 = Release|x86
		{4CDCBDDF-044C-43DF-AEA4-ADC6CDA4CBAD}.AppStore|x86.Deploy.0 = Release|x86
		{4CDCBDDF-044C-43DF-AEA4-ADC6CDA4CBAD}.Debug|Any CPU.ActiveCfg = Debug|x86
		{4CDCBDDF-044C-43DF-AEA4-ADC6CDA4CBAD}.Debug|ARM.ActiveCfg = Debug|ARM
		{4CDCBDDF-044C-43DF-AEA4-ADC6CDA4CBAD}.Debug|ARM.Build.0 = Debug|ARM
		{4CDCBDDF-044C-43DF-AEA4-ADC6CDA4CBAD}.Debug|ARM.Deploy.0 = Debug|ARM
		{4CDCBDDF-044C-43DF-AEA4-ADC6CDA4CBAD}.Debug|iPhone.ActiveCfg = Debug|x86
		{4CDCBDDF-044C-43DF-AEA4-ADC6CDA4CBAD}.Debug|iPhoneSimulator.ActiveCfg = Debug|x86
		{4CDCBDDF-044C-43DF-AEA4-ADC6CDA4CBAD}.Debug|x64.ActiveCfg = Debug|x64
		{4CDCBDDF-044C-43DF-AEA4-ADC6CDA4CBAD}.Debug|x64.Build.0 = Debug|x64
		{4CDCBDDF-044C-43DF-AEA4-ADC6CDA4CBAD}.Debug|x64.Deploy.0 = Debug|x64
		{4CDCBDDF-044C-43DF-AEA4-ADC6CDA4CBAD}.Debug|x86.ActiveCfg = Debug|x86
		{4CDCBDDF-044C-43DF-AEA4-ADC6CDA4CBAD}.Debug|x86.Build.0 = Debug|x86
		{4CDCBDDF-044C-43DF-AEA4-ADC6CDA4CBAD}.Debug|x86.Deploy.0 = Debug|x86
		{4CDCBDDF-044C-43DF-AEA4-ADC6CDA4CBAD}.Release|Any CPU.ActiveCfg = Release|x86
		{4CDCBDDF-044C-43DF-AEA4-ADC6CDA4CBAD}.Release|ARM.ActiveCfg = Release|ARM
		{4CDCBDDF-044C-43DF-AEA4-ADC6CDA4CBAD}.Release|ARM.Build.0 = Release|ARM
		{4CDCBDDF-044C-43DF-AEA4-ADC6CDA4CBAD}.Release|ARM.Deploy.0 = Release|ARM
		{4CDCBDDF-044C-43DF-AEA4-ADC6CDA4CBAD}.Release|iPhone.ActiveCfg = Release|x86
		{4CDCBDDF-044C-43DF-AEA4-ADC6CDA4CBAD}.Release|iPhoneSimulator.ActiveCfg = Release|x86
		{4CDCBDDF-044C-43DF-AEA4-ADC6CDA4CBAD}.Release|x64.ActiveCfg = Release|x64
		{4CDCBDDF-044C-43DF-AEA4-ADC6CDA4CBAD}.Release|x64.Build.0 = Release|x64
		{4CDCBDDF-044C-43DF-AEA4-ADC6CDA4CBAD}.Release|x64.Deploy.0 = Release|x64
		{4CDCBDDF-044C-43DF-AEA4-ADC6CDA4CBAD}.Release|x86.ActiveCfg = Release|x86
		{4CDCBDDF-044C-43DF-AEA4-ADC6CDA4CBAD}.Release|x86.Build.0 = Release|x86
		{4CDCBDDF-044C-43DF-AEA4-ADC6CDA4CBAD}.Release|x86.Deploy.0 = Release|x86
		{C9F716E9-FFD9-4D3A-912C-64FA983FA265}.Ad-Hoc|Any CPU.ActiveCfg = Debug|Any CPU
		{C9F716E9-FFD9-4D3A-912C-64FA983FA265}.Ad-Hoc|Any CPU.Build.0 = Debug|Any CPU
		{C9F716E9-FFD9-4D3A-912C-64FA983FA265}.Ad-Hoc|ARM.ActiveCfg = Debug|Any CPU
		{C9F716E9-FFD9-4D3A-912C-64FA983FA265}.Ad-Hoc|ARM.Build.0 = Debug|Any CPU
		{C9F716E9-FFD9-4D3A-912C-64FA983FA265}.Ad-Hoc|iPhone.ActiveCfg = Debug|Any CPU
		{C9F716E9-FFD9-4D3A-912C-64FA983FA265}.Ad-Hoc|iPhone.Build.0 = Debug|Any CPU
		{C9F716E9-FFD9-4D3A-912C-64FA983FA265}.Ad-Hoc|iPhoneSimulator.ActiveCfg = Debug|Any CPU
		{C9F716E9-FFD9-4D3A-912C-64FA983FA265}.Ad-Hoc|iPhoneSimulator.Build.0 = Debug|Any CPU
		{C9F716E9-FFD9-4D3A-912C-64FA983FA265}.Ad-Hoc|x64.ActiveCfg = Debug|Any CPU
		{C9F716E9-FFD9-4D3A-912C-64FA983FA265}.Ad-Hoc|x64.Build.0 = Debug|Any CPU
		{C9F716E9-FFD9-4D3A-912C-64FA983FA265}.Ad-Hoc|x86.ActiveCfg = Debug|Any CPU
		{C9F716E9-FFD9-4D3A-912C-64FA983FA265}.Ad-Hoc|x86.Build.0 = Debug|Any CPU
		{C9F716E9-FFD9-4D3A-912C-64FA983FA265}.AppStore|Any CPU.ActiveCfg = Debug|Any CPU
		{C9F716E9-FFD9-4D3A-912C-64FA983FA265}.AppStore|Any CPU.Build.0 = Debug|Any CPU
		{C9F716E9-FFD9-4D3A-912C-64FA983FA265}.AppStore|ARM.ActiveCfg = Debug|Any CPU
		{C9F716E9-FFD9-4D3A-912C-64FA983FA265}.AppStore|ARM.Build.0 = Debug|Any CPU
		{C9F716E9-FFD9-4D3A-912C-64FA983FA265}.AppStore|iPhone.ActiveCfg = Debug|Any CPU
		{C9F716E9-FFD9-4D3A-912C-64FA983FA265}.AppStore|iPhone.Build.0 = Debug|Any CPU
		{C9F716E9-FFD9-4D3A-912C-64FA983FA265}.AppStore|iPhoneSimulator.ActiveCfg = Debug|Any CPU
		{C9F716E9-FFD9-4D3A-912C-64FA983FA265}.AppStore|iPhoneSimulator.Build.0 = Debug|Any CPU
		{C9F716E9-FFD9-4D3A-912C-64FA983FA265}.AppStore|x64.ActiveCfg = Debug|Any CPU
		{C9F716E9-FFD9-4D3A-912C-64FA983FA265}.AppStore|x64.Build.0 = Debug|Any CPU
		{C9F716E9-FFD9-4D3A-912C-64FA983FA265}.AppStore|x86.ActiveCfg = Debug|Any CPU
		{C9F716E9-FFD9-4D3A-912C-64FA983FA265}.AppStore|x86.Build.0 = Debug|Any CPU
		{C9F716E9-FFD9-4D3A-912C-64FA983FA265}.Debug|Any CPU.ActiveCfg = Debug|Any CPU
		{C9F716E9-FFD9-4D3A-912C-64FA983FA265}.Debug|Any CPU.Build.0 = Debug|Any CPU
		{C9F716E9-FFD9-4D3A-912C-64FA983FA265}.Debug|ARM.ActiveCfg = Debug|Any CPU
		{C9F716E9-FFD9-4D3A-912C-64FA983FA265}.Debug|ARM.Build.0 = Debug|Any CPU
		{C9F716E9-FFD9-4D3A-912C-64FA983FA265}.Debug|iPhone.ActiveCfg = Debug|Any CPU
		{C9F716E9-FFD9-4D3A-912C-64FA983FA265}.Debug|iPhone.Build.0 = Debug|Any CPU
		{C9F716E9-FFD9-4D3A-912C-64FA983FA265}.Debug|iPhoneSimulator.ActiveCfg = Debug|Any CPU
		{C9F716E9-FFD9-4D3A-912C-64FA983FA265}.Debug|iPhoneSimulator.Build.0 = Debug|Any CPU
		{C9F716E9-FFD9-4D3A-912C-64FA983FA265}.Debug|x64.ActiveCfg = Debug|Any CPU
		{C9F716E9-FFD9-4D3A-912C-64FA983FA265}.Debug|x64.Build.0 = Debug|Any CPU
		{C9F716E9-FFD9-4D3A-912C-64FA983FA265}.Debug|x86.ActiveCfg = Debug|Any CPU
		{C9F716E9-FFD9-4D3A-912C-64FA983FA265}.Debug|x86.Build.0 = Debug|Any CPU
		{C9F716E9-FFD9-4D3A-912C-64FA983FA265}.Release|Any CPU.ActiveCfg = Release|Any CPU
		{C9F716E9-FFD9-4D3A-912C-64FA983FA265}.Release|Any CPU.Build.0 = Release|Any CPU
		{C9F716E9-FFD9-4D3A-912C-64FA983FA265}.Release|ARM.ActiveCfg = Release|Any CPU
		{C9F716E9-FFD9-4D3A-912C-64FA983FA265}.Release|ARM.Build.0 = Release|Any CPU
		{C9F716E9-FFD9-4D3A-912C-64FA983FA265}.Release|iPhone.ActiveCfg = Release|Any CPU
		{C9F716E9-FFD9-4D3A-912C-64FA983FA265}.Release|iPhone.Build.0 = Release|Any CPU
		{C9F716E9-FFD9-4D3A-912C-64FA983FA265}.Release|iPhoneSimulator.ActiveCfg = Release|Any CPU
		{C9F716E9-FFD9-4D3A-912C-64FA983FA265}.Release|iPhoneSimulator.Build.0 = Release|Any CPU
		{C9F716E9-FFD9-4D3A-912C-64FA983FA265}.Release|x64.ActiveCfg = Release|Any CPU
		{C9F716E9-FFD9-4D3A-912C-64FA983FA265}.Release|x64.Build.0 = Release|Any CPU
		{C9F716E9-FFD9-4D3A-912C-64FA983FA265}.Release|x86.ActiveCfg = Release|Any CPU
		{C9F716E9-FFD9-4D3A-912C-64FA983FA265}.Release|x86.Build.0 = Release|Any CPU
	EndGlobalSection
	GlobalSection(SolutionProperties) = preSolution
		HideSolutionNode = FALSE
	EndGlobalSection
	GlobalSection(ExtensibilityGlobals) = postSolution
		SolutionGuid = {49C8F621-4A66-456D-A6D9-47075CD6A33F}
	EndGlobalSection
EndGlobal
